hash: 46626b9d8ce96c37b94cb1a7d3e1d2b79f44fbc9dc49eef7b53de8cdad1771d8
updated: 2018-07-26T15:46:55.298534366+02:00
imports:
- name: github.com/gammazero/nexus
  version: 81a086cf47177881fa1d0fe47e91ef442fd0bfdc
  repo: https://github.com/EmbeddedEnterprises/nexus.git
  vcs: git
  subpackages:
  - client
  - router
  - router/auth
  - stdlog
  - transport
  - transport/serialize
  - wamp
  - wamp/crsign
- name: github.com/gorilla/websocket
  version: 5ed622c449da6d44c3c8329331ff47a9e5844f71
- name: github.com/mitchellh/mapstructure
  version: f15292f7a699fcc1a38a80977f80a046874ba8ac
- name: github.com/ogier/pflag
  version: 45c278ab3607870051a2ea9040bb85fcb8557481
- name: github.com/op/go-logging
  version: 970db520ece77730c7e4724c61121037378659d9
- name: github.com/ugorji/go
  version: 2e1067cd04ec91c6fdf491ac8028c9d3aea73ab4
  subpackages:
  - codec
- name: golang.org/x/crypto
  version: a2144134853fc9a27a7b1e3eb4f19f1a76df13c9
  subpackages:
  - pbkdf2
testImports: []
