hash: aeb8a368653cbbf086bb89bd9ce53e432e94f944d6601dfbfe825471bfff952d
updated: 2018-07-23T14:15:51.351419717+02:00
imports:
- name: github.com/gammazero/nexus
  version: 81a086cf47177881fa1d0fe47e91ef442fd0bfdc
  repo: https://github.com/EmbeddedEnterprises/nexus.git
  vcs: git
  subpackages:
  - client
  - router
  - router/auth
  - stdlog
  - transport
  - transport/serialize
  - wamp
  - wamp/crsign
- name: github.com/gorilla/websocket
  version: 5ed622c449da6d44c3c8329331ff47a9e5844f71
- name: github.com/ogier/pflag
  version: 45c278ab3607870051a2ea9040bb85fcb8557481
- name: github.com/op/go-logging
  version: 970db520ece77730c7e4724c61121037378659d9
- name: github.com/ugorji/go
  version: 2e1067cd04ec91c6fdf491ac8028c9d3aea73ab4
  subpackages:
  - codec
- name: golang.org/x/crypto
  version: a2144134853fc9a27a7b1e3eb4f19f1a76df13c9
  subpackages:
  - pbkdf2
testImports: []
